
Microsoft Visual Studio Solution File, Format Version 12.00
# Visual Studio Version 17
VisualStudioVersion = 17.14.37203.1 d17.14
MinimumVisualStudioVersion = 10.0.40219.1
Project("{FAE04EC0-301F-11D3-BF4B-00C04F79EFBC}") = "Data Adapter", "Data Adapter.csproj", "{C13AB583-DD61-4928-8772-B523DA7AFDA1}"
EndProject
Global
	GlobalSection(SolutionConfigurationPlatforms) = preSolution
		Debug|Any CPU = Debug|Any CPU
		Release|Any CPU = Release|Any CPU
	EndGlobalSection
	GlobalSection(ProjectConfigurationPlatforms) = postSolution
		{C13AB583-DD61-4928-8772-B523DA7AFDA1}.Debug|Any CPU.ActiveCfg = Debug|Any CPU
		{C13AB583-DD61-4928-8772-B523DA7AFDA1}.Debug|Any CPU.Build.0 = Debug|Any CPU
		{C13AB583-DD61-4928-8772-B523DA7AFDA1}.Release|Any CPU.ActiveCfg = Release|Any CPU
		{C13AB583-DD61-4928-8772-B523DA7AFDA1}.Release|Any CPU.Build.0 = Release|Any CPU
	EndGlobalSection
	GlobalSection(SolutionProperties) = preSolution
		HideSolutionNode = FALSE
	EndGlobalSection
	GlobalSection(ExtensibilityGlobals) = postSolution
		SolutionGuid = {62E8D254-AF7D-49C2-828D-228F5460C376}
	EndGlobalSection
EndGlobal
