
Microsoft Visual Studio Solution File, Format Version 12.00
# Visual Studio Version 17
VisualStudioVersion = 17.14.37203.1
MinimumVisualStudioVersion = 10.0.40219.1
Project("{FAE04EC0-301F-11D3-BF4B-00C04F79EFBC}") = "ContactsPresentationLayer", "ContactsPresentationLayer.csproj", "{7C0308CB-085A-4B96-A7D3-40BB528325E6}"
EndProject
Project("{FAE04EC0-301F-11D3-BF4B-00C04F79EFBC}") = "ContactsBusinessLayer", "..\Contacts Solution\ContactsBusinessLayer\ContactsBusinessLayer.csproj", "{43D6AB0F-B2C4-42FC-8362-8415A3839F4D}"
EndProject
Project("{FAE04EC0-301F-11D3-BF4B-00C04F79EFBC}") = "ContactsDataAccessLayer", "..\Contacts Solution\ContactsDataAccessLayer\ContactsDataAccessLayer.csproj", "{6DDF62E8-58F6-4EF9-9128-1783ABB8054C}"
EndProject
Global
	GlobalSection(SolutionConfigurationPlatforms) = preSolution
		Debug|Any CPU = Debug|Any CPU
		Release|Any CPU = Release|Any CPU
	EndGlobalSection
	GlobalSection(ProjectConfigurationPlatforms) = postSolution
		{7C0308CB-085A-4B96-A7D3-40BB528325E6}.Debug|Any CPU.ActiveCfg = Debug|Any CPU
		{7C0308CB-085A-4B96-A7D3-40BB528325E6}.Debug|Any CPU.Build.0 = Debug|Any CPU
		{7C0308CB-085A-4B96-A7D3-40BB528325E6}.Release|Any CPU.ActiveCfg = Release|Any CPU
		{7C0308CB-085A-4B96-A7D3-40BB528325E6}.Release|Any CPU.Build.0 = Release|Any CPU
		{43D6AB0F-B2C4-42FC-8362-8415A3839F4D}.Debug|Any CPU.ActiveCfg = Debug|Any CPU
		{43D6AB0F-B2C4-42FC-8362-8415A3839F4D}.Debug|Any CPU.Build.0 = Debug|Any CPU
		{43D6AB0F-B2C4-42FC-8362-8415A3839F4D}.Release|Any CPU.ActiveCfg = Release|Any CPU
		{43D6AB0F-B2C4-42FC-8362-8415A3839F4D}.Release|Any CPU.Build.0 = Release|Any CPU
		{6DDF62E8-58F6-4EF9-9128-1783ABB8054C}.Debug|Any CPU.ActiveCfg = Debug|Any CPU
		{6DDF62E8-58F6-4EF9-9128-1783ABB8054C}.Debug|Any CPU.Build.0 = Debug|Any CPU
		{6DDF62E8-58F6-4EF9-9128-1783ABB8054C}.Release|Any CPU.ActiveCfg = Release|Any CPU
		{6DDF62E8-58F6-4EF9-9128-1783ABB8054C}.Release|Any CPU.Build.0 = Release|Any CPU
	EndGlobalSection
	GlobalSection(SolutionProperties) = preSolution
		HideSolutionNode = FALSE
	EndGlobalSection
	GlobalSection(ExtensibilityGlobals) = postSolution
		SolutionGuid = {0E730DB1-FCA5-43CF-936D-FCB27CDB2FEC}
	EndGlobalSection
EndGlobal
