
Microsoft Visual Studio Solution File, Format Version 12.00
# Visual Studio Version 17
VisualStudioVersion = 17.14.37203.1 d17.14
MinimumVisualStudioVersion = 10.0.40219.1
Project("{FAE04EC0-301F-11D3-BF4B-00C04F79EFBC}") = "Get All Contacts", "Get All Contacts.csproj", "{AB6AFE29-4B28-44F4-BEAF-4474184706EE}"
EndProject
Global
	GlobalSection(SolutionConfigurationPlatforms) = preSolution
		Debug|Any CPU = Debug|Any CPU
		Release|Any CPU = Release|Any CPU
	EndGlobalSection
	GlobalSection(ProjectConfigurationPlatforms) = postSolution
		{AB6AFE29-4B28-44F4-BEAF-4474184706EE}.Debug|Any CPU.ActiveCfg = Debug|Any CPU
		{AB6AFE29-4B28-44F4-BEAF-4474184706EE}.Debug|Any CPU.Build.0 = Debug|Any CPU
		{AB6AFE29-4B28-44F4-BEAF-4474184706EE}.Release|Any CPU.ActiveCfg = Release|Any CPU
		{AB6AFE29-4B28-44F4-BEAF-4474184706EE}.Release|Any CPU.Build.0 = Release|Any CPU
	EndGlobalSection
	GlobalSection(SolutionProperties) = preSolution
		HideSolutionNode = FALSE
	EndGlobalSection
	GlobalSection(ExtensibilityGlobals) = postSolution
		SolutionGuid = {1EE06E85-525F-496C-B349-926715F8F7C0}
	EndGlobalSection
EndGlobal
